
Microsoft Visual Studio Solution File, Format Version 12.00
# Visual Studio Version 17
VisualStudioVersion = 17.5.002.0
MinimumVisualStudioVersion = 10.0.40219.1
Project("{9A19103F-16F7-4668-BE54-9A1E7A4F7556}") = "LocationHeatMap", "LocationHeatMap.csproj", "{977A41BF-08F7-4EC0-83AF-00A568D3E10C}"
EndProject
Global
	GlobalSection(SolutionConfigurationPlatforms) = preSolution
		Debug|Any CPU = Debug|Any CPU
		Release|Any CPU = Release|Any CPU
	EndGlobalSection
	GlobalSection(ProjectConfigurationPlatforms) = postSolution
		{977A41BF-08F7-4EC0-83AF-00A568D3E10C}.Debug|Any CPU.ActiveCfg = Debug|Any CPU
		{977A41BF-08F7-4EC0-83AF-00A568D3E10C}.Debug|Any CPU.Build.0 = Debug|Any CPU
		{977A41BF-08F7-4EC0-83AF-00A568D3E10C}.Release|Any CPU.ActiveCfg = Release|Any CPU
		{977A41BF-08F7-4EC0-83AF-00A568D3E10C}.Release|Any CPU.Build.0 = Release|Any CPU
	EndGlobalSection
	GlobalSection(SolutionProperties) = preSolution
		HideSolutionNode = FALSE
	EndGlobalSection
	GlobalSection(ExtensibilityGlobals) = postSolution
		SolutionGuid = {643F3310-DEC7-407D-AAAE-B2F6A53434C1}
	EndGlobalSection
EndGlobal
